{
  "name": "Ktorfit",
  "version": "unspecified",
  "lockfileVersion": 3,
  "requires": true,
  "packages": {
    "": {
      "name": "Ktorfit",
      "version": "unspecified",
      "workspaces": [
        "packages/Ktorfit-ktorfit-annotations",
        "packages/Ktorfit-ktorfit-annotations-test",
        "packages/Ktorfit-ktorfit-lib",
        "packages/Ktorfit-ktorfit-lib-test",
        "packages/Ktorfit-ktorfit-lib-core",
        "packages/Ktorfit-ktorfit-lib-core-test",
        "packages/Ktorfit-ktorfit-converters-call",
        "packages/Ktorfit-ktorfit-converters-call-test",
        "packages/Ktorfit-ktorfit-converters-flow",
        "packages/Ktorfit-ktorfit-converters-flow-test",
        "packages/Ktorfit-ktorfit-converters-response",
        "packages/Ktorfit-ktorfit-converters-response-test",
        "packages_imported/ktor-ktor-client-core/3.3.3"
      ],
      "devDependencies": {}
    },
    "node_modules/ktor-ktor-client-core": {
      "resolved": "packages_imported/ktor-ktor-client-core/3.3.3",
      "link": true
    },
    "node_modules/Ktorfit-ktorfit-annotations": {
      "resolved": "packages/Ktorfit-ktorfit-annotations",
      "link": true
    },
    "node_modules/Ktorfit-ktorfit-annotations-test": {
      "resolved": "packages/Ktorfit-ktorfit-annotations-test",
      "link": true
    },
    "node_modules/Ktorfit-ktorfit-converters-call": {
      "resolved": "packages/Ktorfit-ktorfit-converters-call",
      "link": true
    },
    "node_modules/Ktorfit-ktorfit-converters-call-test": {
      "resolved": "packages/Ktorfit-ktorfit-converters-call-test",
      "link": true
    },
    "node_modules/Ktorfit-ktorfit-converters-flow": {
      "resolved": "packages/Ktorfit-ktorfit-converters-flow",
      "link": true
    },
    "node_modules/Ktorfit-ktorfit-converters-flow-test": {
      "resolved": "packages/Ktorfit-ktorfit-converters-flow-test",
      "link": true
    },
    "node_modules/Ktorfit-ktorfit-converters-response": {
      "resolved": "packages/Ktorfit-ktorfit-converters-response",
      "link": true
    },
    "node_modules/Ktorfit-ktorfit-converters-response-test": {
      "resolved": "packages/Ktorfit-ktorfit-converters-response-test",
      "link": true
    },
    "node_modules/Ktorfit-ktorfit-lib": {
      "resolved": "packages/Ktorfit-ktorfit-lib",
      "link": true
    },
    "node_modules/Ktorfit-ktorfit-lib-core": {
      "resolved": "packages/Ktorfit-ktorfit-lib-core",
      "link": true
    },
    "node_modules/Ktorfit-ktorfit-lib-core-test": {
      "resolved": "packages/Ktorfit-ktorfit-lib-core-test",
      "link": true
    },
    "node_modules/Ktorfit-ktorfit-lib-test": {
      "resolved": "packages/Ktorfit-ktorfit-lib-test",
      "link": true
    },
    "node_modules/ws": {
      "version": "8.18.3",
      "resolved": "https://registry.npmjs.org/ws/-/ws-8.18.3.tgz",
      "integrity": "sha512-PEIGCY5tSlUt50cqyMXfCzX+oOPqN0vuGqWzbcJ2xvnkzkq46oOpz7dQaTDBdfICb4N14+GARUDw2XV2N4tvzg==",
      "license": "MIT",
      "engines": {
        "node": ">=10.0.0"
      },
      "peerDependencies": {
        "bufferutil": "^4.0.1",
        "utf-8-validate": ">=5.0.2"
      },
      "peerDependenciesMeta": {
        "bufferutil": {
          "optional": true
        },
        "utf-8-validate": {
          "optional": true
        }
      }
    },
    "packages_imported/ktor-ktor-client-core/3.3.3": {
      "name": "ktor-ktor-client-core",
      "version": "3.3.3",
      "dependencies": {
        "ws": "8.18.3"
      },
      "devDependencies": {}
    },
    "packages/Ktorfit-ktorfit-annotations": {
      "version": "0.0.0-unspecified",
      "devDependencies": {}
    },
    "packages/Ktorfit-ktorfit-annotations-test": {
      "version": "0.0.0-unspecified",
      "devDependencies": {}
    },
    "packages/Ktorfit-ktorfit-converters-call": {
      "version": "0.0.0-unspecified",
      "dependencies": {
        "ws": "8.18.3"
      },
      "devDependencies": {}
    },
    "packages/Ktorfit-ktorfit-converters-call-test": {
      "version": "0.0.0-unspecified",
      "dependencies": {
        "ws": "8.18.3"
      },
      "devDependencies": {}
    },
    "packages/Ktorfit-ktorfit-converters-flow": {
      "version": "0.0.0-unspecified",
      "dependencies": {
        "ws": "8.18.3"
      },
      "devDependencies": {}
    },
    "packages/Ktorfit-ktorfit-converters-flow-test": {
      "version": "0.0.0-unspecified",
      "dependencies": {
        "ws": "8.18.3"
      },
      "devDependencies": {}
    },
    "packages/Ktorfit-ktorfit-converters-response": {
      "version": "0.0.0-unspecified",
      "dependencies": {
        "ws": "8.18.3"
      },
      "devDependencies": {}
    },
    "packages/Ktorfit-ktorfit-converters-response-test": {
      "version": "0.0.0-unspecified",
      "dependencies": {
        "ws": "8.18.3"
      },
      "devDependencies": {}
    },
    "packages/Ktorfit-ktorfit-lib": {
      "version": "0.0.0-unspecified",
      "dependencies": {
        "ws": "8.18.3"
      },
      "devDependencies": {}
    },
    "packages/Ktorfit-ktorfit-lib-core": {
      "version": "0.0.0-unspecified",
      "dependencies": {
        "ws": "8.18.3"
      },
      "devDependencies": {}
    },
    "packages/Ktorfit-ktorfit-lib-core-test": {
      "version": "0.0.0-unspecified",
      "dependencies": {
        "ws": "8.18.3"
      },
      "devDependencies": {}
    },
    "packages/Ktorfit-ktorfit-lib-test": {
      "version": "0.0.0-unspecified",
      "dependencies": {
        "ws": "8.18.3"
      },
      "devDependencies": {}
    }
  }
}
